hash: c22dfc173acb9cd3dbbf6e422e11ac32d9ee7fcf9836c08d5b4a663cde223e0b
updated: 2019-03-20T15:45:19.60946498+01:00
imports:
- name: github.com/alecthomas/template
  version: a0175ee3bccc567396460bf5acd36800cb10c49c
  subpackages:
  - parse
- name: github.com/alecthomas/units
  version: 2efee857e7cfd4f3d0138cc3cbb1b4966962b93a
- name: github.com/BurntSushi/toml
  version: a368813c5e648fee92e5f6c30e3944ff9d5e8895
- name: github.com/codegangsta/cli
  version: 4b90d79a682b4bf685762c7452db20f2a676ecb2
- name: github.com/dghubble/sling
  version: eb56e89ac5088bebb12eef3cb4b293300f43608b
- name: github.com/ghodss/yaml
  version: 0ca9ea5df5451ffdf184b4428c902747c2c11cd7
- name: github.com/go-ini/ini
  version: 3d73f4b845efdf9989fffd4b4e562727744a34ba
- name: github.com/google/go-querystring
  version: 9235644dd9e52eeae6fa48efd539fdc351a0af53
  subpackages:
  - query
- name: github.com/zachmann/liboidcagent-go
  version: 0fe761bf9f7b97d87e227d19f4e70437e5b60574
  subpackages:
  - liboidcagent
- name: github.com/zpatrick/go-config
  version: 710646a45582fde23bf77bacbc2f38008dc7ffc2
- name: gopkg.in/alecthomas/kingpin.v2
  version: e9044be3ab2a8e11d4e1f418d12f0790d57e8d70
- name: gopkg.in/yaml.v2
  version: a83829b6f1293c91addabc89d0571c246397bbf4
testImports: []
